# This file is automatically @generated by Cargo.
# It is not intended for manual editing.
version = 3

[[package]]
name = "adler32"
version = "1.2.0"
source = "registry+https://github.com/rust-lang/crates.io-index"
checksum = "aae1277d39aeec15cb388266ecc24b11c80469deae6067e17a1a7aa9e5c1f234"

[[package]]
name = "alacritty"
version = "0.10.0-dev"
dependencies = [
 "alacritty_config_derive",
 "alacritty_terminal",
 "bitflags",
 "clap",
 "cocoa",
 "copypasta",
 "crossfont",
 "dirs",
 "embed-resource",
 "fnv",
 "gl_generator",
 "glutin",
 "libc",
 "log",
 "notify",
 "objc",
 "parking_lot",
 "png",
 "raw-window-handle",
 "serde",
 "serde_json",
 "serde_yaml",
 "structopt",
 "time",
 "unicode-width",
 "wayland-client",
 "winapi 0.3.9",
 "x11-dl",
 "xdg",
]

[[package]]
name = "alacritty_config_derive"
version = "0.1.0"
dependencies = [
 "log",
 "proc-macro2",
 "quote",
 "serde",
 "serde_yaml",
 "syn",
]

[[package]]
name = "alacritty_terminal"
version = "0.15.1-dev"
dependencies = [
 "alacritty_config_derive",
 "base64",
 "bitflags",
 "dirs",
 "libc",
 "log",
 "mio 0.6.23",
 "mio-anonymous-pipes",
 "mio-extras",
 "miow 0.3.7",
 "nix",
 "parking_lot",
 "regex-automata",
 "serde",
 "serde_json",
 "serde_yaml",
 "signal-hook",
 "signal-hook-mio",
 "unicode-width",
 "vte",
 "winapi 0.3.9",
]

[[package]]
name = "android_glue"
version = "0.2.3"
source = "registry+https://github.com/rust-lang/crates.io-index"
checksum = "000444226fcff248f2bc4c7625be32c63caccfecc2723a2b9f78a7487a49c407"

[[package]]
name = "ansi_term"
version = "0.12.1"
source = "registry+https://github.com/rust-lang/crates.io-index"
checksum = "d52a9bb7ec0cf484c551830a7ce27bd20d67eac647e1befb56b0be4ee39a55d2"
dependencies = [
 "winapi 0.3.9",
]

[[package]]
name = "atty"
version = "0.2.14"
source = "registry+https://github.com/rust-lang/crates.io-index"
checksum = "d9b39be18770d11421cdb1b9947a45dd3f37e93092cbf377614828a319d5fee8"
dependencies = [
 "hermit-abi",
 "libc",
 "winapi 0.3.9",
]

[[package]]
name = "autocfg"
version = "1.0.1"
source = "registry+https://github.com/rust-lang/crates.io-index"
checksum = "cdb031dd78e28731d87d56cc8ffef4a8f36ca26c38fe2de700543e627f8a464a"

[[package]]
name = "base64"
version = "0.13.0"
source = "registry+https://github.com/rust-lang/crates.io-index"
checksum = "904dfeac50f3cdaba28fc6f57fdcddb75f49ed61346676a78c4ffe55877802fd"

[[package]]
name = "bitflags"
version = "1.2.1"
source = "registry+https://github.com/rust-lang/crates.io-index"
checksum = "cf1de2fe8c75bc145a2f577add951f8134889b4795d47466a54a5c846d691693"

[[package]]
name = "block"
version = "0.1.6"
source = "registry+https://github.com/rust-lang/crates.io-index"
checksum = "0d8c1fef690941d3e7788d328517591fecc684c084084702d6ff1641e993699a"

[[package]]
name = "bumpalo"
version = "3.8.0"
source = "registry+https://github.com/rust-lang/crates.io-index"
checksum = "8f1e260c3a9040a7c19a12468758f4c16f31a81a1fe087482be9570ec864bb6c"

[[package]]
name = "calloop"
version = "0.9.1"
source = "registry+https://github.com/rust-lang/crates.io-index"
checksum = "42dcfbd723aa6eff9f024cfd5ad08b11144d79b2d8d37b4a31a006ceab255c77"
dependencies = [
 "log",
 "nix",
]

[[package]]
name = "cc"
version = "1.0.72"
source = "registry+https://github.com/rust-lang/crates.io-index"
checksum = "22a9137b95ea06864e018375b72adfb7db6e6f68cfc8df5a04d00288050485ee"

[[package]]
name = "cfg-if"
version = "0.1.10"
source = "registry+https://github.com/rust-lang/crates.io-index"
checksum = "4785bdd1c96b2a846b2bd7cc02e86b6b3dbf14e7e53446c4f54c92a361040822"

[[package]]
name = "cfg-if"
version = "1.0.0"
source = "registry+https://github.com/rust-lang/crates.io-index"
checksum = "baf1de4339761588bc0619e3cbc0120ee582ebb74b53b4efbf79117bd2da40fd"

[[package]]
name = "cgl"
version = "0.3.2"
source = "registry+https://github.com/rust-lang/crates.io-index"
checksum = "0ced0551234e87afee12411d535648dd89d2e7f34c78b753395567aff3d447ff"
dependencies = [
 "libc",
]

[[package]]
name = "clap"
version = "2.34.0"
source = "registry+https://github.com/rust-lang/crates.io-index"
checksum = "a0610544180c38b88101fecf2dd634b174a62eef6946f84dfc6a7127512b381c"
dependencies = [
 "ansi_term",
 "atty",
 "bitflags",
 "strsim 0.8.0",
 "textwrap",
 "unicode-width",
 "vec_map",
]

[[package]]
name = "clipboard-win"
version = "3.1.1"
source = "registry+https://github.com/rust-lang/crates.io-index"
checksum = "9fdf5e01086b6be750428ba4a40619f847eb2e95756eee84b18e06e5f0b50342"
dependencies = [
 "lazy-bytes-cast",
 "winapi 0.3.9",
]

[[package]]
name = "cmake"
version = "0.1.46"
source = "registry+https://github.com/rust-lang/crates.io-index"
checksum = "b7b858541263efe664aead4a5209a4ae5c5d2811167d4ed4ee0944503f8d2089"
dependencies = [
 "cc",
]

[[package]]
name = "cocoa"
version = "0.24.0"
source = "registry+https://github.com/rust-lang/crates.io-index"
checksum = "6f63902e9223530efb4e26ccd0cf55ec30d592d3b42e21a28defc42a9586e832"
dependencies = [
 "bitflags",
 "block",
 "cocoa-foundation",
 "core-foundation 0.9.2",
 "core-graphics 0.22.3",
 "foreign-types 0.3.2",
 "libc",
 "objc",
]

[[package]]
name = "cocoa-foundation"
version = "0.1.0"
source = "registry+https://github.com/rust-lang/crates.io-index"
checksum = "7ade49b65d560ca58c403a479bb396592b155c0185eada742ee323d1d68d6318"
dependencies = [
 "bitflags",
 "block",
 "core-foundation 0.9.2",
 "core-graphics-types",
 "foreign-types 0.3.2",
 "libc",
 "objc",
]

[[package]]
name = "copypasta"
version = "0.7.1"
source = "registry+https://github.com/rust-lang/crates.io-index"
checksum = "4423d79fed83ebd9ab81ec21fa97144300a961782158287dc9bf7eddac37ff0b"
dependencies = [
 "clipboard-win",
 "objc",
 "objc-foundation",
 "objc_id",
 "smithay-clipboard",
 "x11-clipboard",
]

[[package]]
name = "core-foundation"
version = "0.7.0"
source = "registry+https://github.com/rust-lang/crates.io-index"
checksum = "57d24c7a13c43e870e37c1556b74555437870a04514f7685f5b354e090567171"
dependencies = [
 "core-foundation-sys 0.7.0",
 "libc",
]

[[package]]
name = "core-foundation"
version = "0.9.2"
source = "registry+https://github.com/rust-lang/crates.io-index"
checksum = "6888e10551bb93e424d8df1d07f1a8b4fceb0001a3a4b048bfc47554946f47b3"
dependencies = [
 "core-foundation-sys 0.8.3",
 "libc",
]

[[package]]
name = "core-foundation-sys"
version = "0.7.0"
source = "registry+https://github.com/rust-lang/crates.io-index"
checksum = "b3a71ab494c0b5b860bdc8407ae08978052417070c2ced38573a9157ad75b8ac"

[[package]]
name = "core-foundation-sys"
version = "0.8.3"
source = "registry+https://github.com/rust-lang/crates.io-index"
checksum = "5827cebf4670468b8772dd191856768aedcb1b0278a04f989f7766351917b9dc"

[[package]]
name = "core-graphics"
version = "0.19.2"
source = "registry+https://github.com/rust-lang/crates.io-index"
checksum = "b3889374e6ea6ab25dba90bb5d96202f61108058361f6dc72e8b03e6f8bbe923"
dependencies = [
 "bitflags",
 "core-foundation 0.7.0",
 "foreign-types 0.3.2",
 "libc",
]

[[package]]
name = "core-graphics"
version = "0.22.3"
source = "registry+https://github.com/rust-lang/crates.io-index"
checksum = "2581bbab3b8ffc6fcbd550bf46c355135d16e9ff2a6ea032ad6b9bf1d7efe4fb"
dependencies = [
 "bitflags",
 "core-foundation 0.9.2",
 "core-graphics-types",
 "foreign-types 0.3.2",
 "libc",
]

[[package]]
name = "core-graphics-types"
version = "0.1.1"
source = "registry+https://github.com/rust-lang/crates.io-index"
checksum = "3a68b68b3446082644c91ac778bf50cd4104bfb002b5a6a7c44cca5a2c70788b"
dependencies = [
 "bitflags",
 "core-foundation 0.9.2",
 "foreign-types 0.3.2",
 "libc",
]

[[package]]
name = "core-text"
version = "19.2.0"
source = "registry+https://github.com/rust-lang/crates.io-index"
checksum = "99d74ada66e07c1cefa18f8abfba765b486f250de2e4a999e5727fc0dd4b4a25"
dependencies = [
 "core-foundation 0.9.2",
 "core-graphics 0.22.3",
 "foreign-types 0.3.2",
 "libc",
]

[[package]]
name = "core-video-sys"
version = "0.1.4"
source = "registry+https://github.com/rust-lang/crates.io-index"
checksum = "34ecad23610ad9757664d644e369246edde1803fcb43ed72876565098a5d3828"
dependencies = [
 "cfg-if 0.1.10",
 "core-foundation-sys 0.7.0",
 "core-graphics 0.19.2",
 "libc",
 "objc",
]

[[package]]
name = "crc32fast"
version = "1.3.0"
source = "registry+https://github.com/rust-lang/crates.io-index"
checksum = "738c290dfaea84fc1ca15ad9c168d083b05a714e1efddd8edaab678dc28d2836"
dependencies = [
 "cfg-if 1.0.0",
]

[[package]]
name = "crossfont"
version = "0.3.2"
source = "registry+https://github.com/rust-lang/crates.io-index"
checksum = "1299695a4c6417b7e4a6957bd963478406e148b7b0351e2f2ce31296b0518251"
dependencies = [
 "cocoa",
 "core-foundation 0.9.2",
 "core-foundation-sys 0.8.3",
 "core-graphics 0.22.3",
 "core-text",
 "dwrote",
 "foreign-types 0.5.0",
 "freetype-rs",
 "libc",
 "log",
 "pkg-config",
 "servo-fontconfig",
 "winapi 0.3.9",
]

[[package]]
name = "cty"
version = "0.2.2"
source = "registry+https://github.com/rust-lang/crates.io-index"
checksum = "b365fabc795046672053e29c954733ec3b05e4be654ab130fe8f1f94d7051f35"

[[package]]
name = "darling"
version = "0.13.1"
source = "registry+https://github.com/rust-lang/crates.io-index"
checksum = "d0d720b8683f8dd83c65155f0530560cba68cd2bf395f6513a483caee57ff7f4"
dependencies = [
 "darling_core",
 "darling_macro",
]

[[package]]
name = "darling_core"
version = "0.13.1"
source = "registry+https://github.com/rust-lang/crates.io-index"
checksum = "7a340f241d2ceed1deb47ae36c4144b2707ec7dd0b649f894cb39bb595986324"
dependencies = [
 "fnv",
 "ident_case",
 "proc-macro2",
 "quote",
 "strsim 0.10.0",
 "syn",
]

[[package]]
name = "darling_macro"
version = "0.13.1"
source = "registry+https://github.com/rust-lang/crates.io-index"
checksum = "72c41b3b7352feb3211a0d743dc5700a4e3b60f51bd2b368892d1e0f9a95f44b"
dependencies = [
 "darling_core",
 "quote",
 "syn",
]

[[package]]
name = "derivative"
version = "2.2.0"
source = "registry+https://github.com/rust-lang/crates.io-index"
checksum = "fcc3dd5e9e9c0b295d6e1e4d811fb6f157d5ffd784b8d202fc62eac8035a770b"
dependencies = [
 "proc-macro2",
 "quote",
 "syn",
]

[[package]]
name = "dirs"
version = "3.0.2"
source = "registry+https://github.com/rust-lang/crates.io-index"
checksum = "30baa043103c9d0c2a57cf537cc2f35623889dc0d405e6c3cccfadbc81c71309"
dependencies = [
 "dirs-sys",
]

[[package]]
name = "dirs-sys"
version = "0.3.6"
source = "registry+https://github.com/rust-lang/crates.io-index"
checksum = "03d86534ed367a67548dc68113a0f5db55432fdfbb6e6f9d77704397d95d5780"
dependencies = [
 "libc",
 "redox_users",
 "winapi 0.3.9",
]

[[package]]
name = "dispatch"
version = "0.2.0"
source = "registry+https://github.com/rust-lang/crates.io-index"
checksum = "bd0c93bb4b0c6d9b77f4435b0ae98c24d17f1c45b2ff844c6151a07256ca923b"

[[package]]
name = "dlib"
version = "0.5.0"
source = "registry+https://github.com/rust-lang/crates.io-index"
checksum = "ac1b7517328c04c2aa68422fc60a41b92208182142ed04a25879c26c8f878794"
dependencies = [
 "libloading",
]

[[package]]
name = "downcast-rs"
version = "1.2.0"
source = "registry+https://github.com/rust-lang/crates.io-index"
checksum = "9ea835d29036a4087793836fa931b08837ad5e957da9e23886b29586fb9b6650"

[[package]]
name = "dtoa"
version = "0.4.8"
source = "registry+https://github.com/rust-lang/crates.io-index"
checksum = "56899898ce76aaf4a0f24d914c97ea6ed976d42fec6ad33fcbb0a1103e07b2b0"

[[package]]
name = "dwrote"
version = "0.11.0"
source = "registry+https://github.com/rust-lang/crates.io-index"
checksum = "439a1c2ba5611ad3ed731280541d36d2e9c4ac5e7fb818a27b604bdc5a6aa65b"
dependencies = [
 "lazy_static",
 "libc",
 "serde",
 "serde_derive",
 "winapi 0.3.9",
 "wio",
]

[[package]]
name = "embed-resource"
version = "1.6.5"
source = "registry+https://github.com/rust-lang/crates.io-index"
checksum = "85505eb239fc952b300f29f0556d2d884082a83566768d980278d8faf38c780d"
dependencies = [
 "cc",
 "vswhom",
 "winreg",
]

[[package]]
name = "expat-sys"
version = "2.1.6"
source = "registry+https://github.com/rust-lang/crates.io-index"
checksum = "658f19728920138342f68408b7cf7644d90d4784353d8ebc32e7e8663dbe45fa"
dependencies = [
 "cmake",
 "pkg-config",
]

[[package]]
name = "filetime"
version = "0.2.15"
source = "registry+https://github.com/rust-lang/crates.io-index"
checksum = "975ccf83d8d9d0d84682850a38c8169027be83368805971cc4f238c2b245bc98"
dependencies = [
 "cfg-if 1.0.0",
 "libc",
 "redox_syscall",
 "winapi 0.3.9",
]

[[package]]
name = "fnv"
version = "1.0.7"
source = "registry+https://github.com/rust-lang/crates.io-index"
checksum = "3f9eec918d3f24069decb9af1554cad7c880e2da24a9afd88aca000531ab82c1"

[[package]]
name = "foreign-types"
version = "0.3.2"
source = "registry+https://github.com/rust-lang/crates.io-index"
checksum = "f6f339eb8adc052cd2ca78910fda869aefa38d22d5cb648e6485e4d3fc06f3b1"
dependencies = [
 "foreign-types-shared 0.1.1",
]

[[package]]
name = "foreign-types"
version = "0.5.0"
source = "registry+https://github.com/rust-lang/crates.io-index"
checksum = "d737d9aa519fb7b749cbc3b962edcf310a8dd1f4b67c91c4f83975dbdd17d965"
dependencies = [
 "foreign-types-macros",
 "foreign-types-shared 0.3.0",
]

[[package]]
name = "foreign-types-macros"
version = "0.2.1"
source = "registry+https://github.com/rust-lang/crates.io-index"
checksum = "63f713f8b2aa9e24fec85b0e290c56caee12e3b6ae0aeeda238a75b28251afd6"
dependencies = [
 "proc-macro2",
 "quote",
 "syn",
]

[[package]]
name = "foreign-types-shared"
version = "0.1.1"
source = "registry+https://github.com/rust-lang/crates.io-index"
checksum = "00b0228411908ca8685dba7fc2cdd70ec9990a6e753e89b6ac91a84c40fbaf4b"

[[package]]
name = "foreign-types-shared"
version = "0.3.0"
source = "registry+https://github.com/rust-lang/crates.io-index"
checksum = "7684cf33bb7f28497939e8c7cf17e3e4e3b8d9a0080ffa4f8ae2f515442ee855"

[[package]]
name = "freetype-rs"
version = "0.26.0"
source = "registry+https://github.com/rust-lang/crates.io-index"
checksum = "74eadec9d0a5c28c54bb9882e54787275152a4e36ce206b45d7451384e5bf5fb"
dependencies = [
 "bitflags",
 "freetype-sys",
 "libc",
]

[[package]]
name = "freetype-sys"
version = "0.13.1"
source = "registry+https://github.com/rust-lang/crates.io-index"
checksum = "a37d4011c0cc628dfa766fcc195454f4b068d7afdc2adfd28861191d866e731a"
dependencies = [
 "cmake",
 "libc",
 "pkg-config",
]

[[package]]
name = "fsevent"
version = "0.4.0"
source = "registry+https://github.com/rust-lang/crates.io-index"
checksum = "5ab7d1bd1bd33cc98b0889831b72da23c0aa4df9cec7e0702f46ecea04b35db6"
dependencies = [
 "bitflags",
 "fsevent-sys",
]

[[package]]
name = "fsevent-sys"
version = "2.0.1"
source = "registry+https://github.com/rust-lang/crates.io-index"
checksum = "f41b048a94555da0f42f1d632e2e19510084fb8e303b0daa2816e733fb3644a0"
dependencies = [
 "libc",
]

[[package]]
name = "fuchsia-zircon"
version = "0.3.3"
source = "registry+https://github.com/rust-lang/crates.io-index"
checksum = "2e9763c69ebaae630ba35f74888db465e49e259ba1bc0eda7d06f4a067615d82"
dependencies = [
 "bitflags",
 "fuchsia-zircon-sys",
]

[[package]]
name = "fuchsia-zircon-sys"
version = "0.3.3"
source = "registry+https://github.com/rust-lang/crates.io-index"
checksum = "3dcaa9ae7725d12cdb85b3ad99a434db70b468c09ded17e012d86b5c1010f7a7"

[[package]]
name = "getrandom"
version = "0.2.3"
source = "registry+https://github.com/rust-lang/crates.io-index"
checksum = "7fcd999463524c52659517fe2cea98493cfe485d10565e7b0fb07dbba7ad2753"
dependencies = [
 "cfg-if 1.0.0",
 "libc",
 "wasi",
]

[[package]]
name = "gl_generator"
version = "0.14.0"
source = "registry+https://github.com/rust-lang/crates.io-index"
checksum = "1a95dfc23a2b4a9a2f5ab41d194f8bfda3cabec42af4e39f08c339eb2a0c124d"
dependencies = [
 "khronos_api",
 "log",
 "xml-rs",
]

[[package]]
name = "glutin"
version = "0.28.0"
source = "registry+https://github.com/rust-lang/crates.io-index"
checksum = "00ea9dbe544bc8a657c4c4a798c2d16cd01b549820e47657297549d28371f6d2"
dependencies = [
 "android_glue",
 "cgl",
 "cocoa",
 "core-foundation 0.9.2",
 "glutin_egl_sys",
 "glutin_emscripten_sys",
 "glutin_gles2_sys",
 "glutin_glx_sys",
 "glutin_wgl_sys",
 "lazy_static",
 "libloading",
 "log",
 "objc",
 "osmesa-sys",
 "parking_lot",
 "wayland-client",
 "wayland-egl",
 "winapi 0.3.9",
 "winit",
]

[[package]]
name = "glutin_egl_sys"
version = "0.1.5"
source = "registry+https://github.com/rust-lang/crates.io-index"
checksum = "2abb6aa55523480c4adc5a56bbaa249992e2dddb2fc63dc96e04a3355364c211"
dependencies = [
 "gl_generator",
 "winapi 0.3.9",
]

[[package]]
name = "glutin_emscripten_sys"
version = "0.1.1"
source = "registry+https://github.com/rust-lang/crates.io-index"
checksum = "80de4146df76e8a6c32b03007bc764ff3249dcaeb4f675d68a06caf1bac363f1"

[[package]]
name = "glutin_gles2_sys"
version = "0.1.5"
source = "registry+https://github.com/rust-lang/crates.io-index"
checksum = "e8094e708b730a7c8a1954f4f8a31880af00eb8a1c5b5bf85d28a0a3c6d69103"
dependencies = [
 "gl_generator",
 "objc",
]

[[package]]
name = "glutin_glx_sys"
version = "0.1.7"
source = "registry+https://github.com/rust-lang/crates.io-index"
checksum = "7e393c8fc02b807459410429150e9c4faffdb312d59b8c038566173c81991351"
dependencies = [
 "gl_generator",
 "x11-dl",
]

[[package]]
name = "glutin_wgl_sys"
version = "0.1.5"
source = "registry+https://github.com/rust-lang/crates.io-index"
checksum = "3da5951a1569dbab865c6f2a863efafff193a93caf05538d193e9e3816d21696"
dependencies = [
 "gl_generator",
]

[[package]]
name = "heck"
version = "0.3.3"
source = "registry+https://github.com/rust-lang/crates.io-index"
checksum = "6d621efb26863f0e9924c6ac577e8275e5e6b77455db64ffa6c65c904e9e132c"
dependencies = [
 "unicode-segmentation",
]

[[package]]
name = "hermit-abi"
version = "0.1.19"
source = "registry+https://github.com/rust-lang/crates.io-index"
checksum = "62b467343b94ba476dcb2500d242dadbb39557df889310ac77c5d99100aaac33"
dependencies = [
 "libc",
]

[[package]]
name = "ident_case"
version = "1.0.1"
source = "registry+https://github.com/rust-lang/crates.io-index"
checksum = "b9e0384b61958566e926dc50660321d12159025e767c18e043daf26b70104c39"

[[package]]
name = "inotify"
version = "0.7.1"
source = "registry+https://github.com/rust-lang/crates.io-index"
checksum = "4816c66d2c8ae673df83366c18341538f234a26d65a9ecea5c348b453ac1d02f"
dependencies = [
 "bitflags",
 "inotify-sys",
 "libc",
]

[[package]]
name = "inotify-sys"
version = "0.1.5"
source = "registry+https://github.com/rust-lang/crates.io-index"
checksum = "e05c02b5e89bff3b946cedeca278abc628fe811e604f027c45a8aa3cf793d0eb"
dependencies = [
 "libc",
]

[[package]]
name = "instant"
version = "0.1.12"
source = "registry+https://github.com/rust-lang/crates.io-index"
checksum = "7a5bbe824c507c5da5956355e86a746d82e0e1464f65d862cc5e71da70e94b2c"
dependencies = [
 "cfg-if 1.0.0",
 "js-sys",
 "wasm-bindgen",
 "web-sys",
]

[[package]]
name = "iovec"
version = "0.1.4"
source = "registry+https://github.com/rust-lang/crates.io-index"
checksum = "b2b3ea6ff95e175473f8ffe6a7eb7c00d054240321b84c57051175fe3c1e075e"
dependencies = [
 "libc",
]

[[package]]
name = "itoa"
version = "0.4.8"
source = "registry+https://github.com/rust-lang/crates.io-index"
checksum = "b71991ff56294aa922b450139ee08b3bfc70982c6b2c7562771375cf73542dd4"

[[package]]
name = "jni-sys"
version = "0.3.0"
source = "registry+https://github.com/rust-lang/crates.io-index"
checksum = "8eaf4bc02d17cbdd7ff4c7438cafcdf7fb9a4613313ad11b4f8fefe7d3fa0130"

[[package]]
name = "js-sys"
version = "0.3.55"
source = "registry+https://github.com/rust-lang/crates.io-index"
checksum = "7cc9ffccd38c451a86bf13657df244e9c3f37493cce8e5e21e940963777acc84"
dependencies = [
 "wasm-bindgen",
]

[[package]]
name = "kernel32-sys"
version = "0.2.2"
source = "registry+https://github.com/rust-lang/crates.io-index"
checksum = "7507624b29483431c0ba2d82aece8ca6cdba9382bff4ddd0f7490560c056098d"
dependencies = [
 "winapi 0.2.8",
 "winapi-build",
]

[[package]]
name = "khronos_api"
version = "3.1.0"
source = "registry+https://github.com/rust-lang/crates.io-index"
checksum = "e2db585e1d738fc771bf08a151420d3ed193d9d895a36df7f6f8a9456b911ddc"

[[package]]
name = "lazy-bytes-cast"
version = "5.0.1"
source = "registry+https://github.com/rust-lang/crates.io-index"
checksum = "10257499f089cd156ad82d0a9cd57d9501fa2c989068992a97eb3c27836f206b"

[[package]]
name = "lazy_static"
version = "1.4.0"
source = "registry+https://github.com/rust-lang/crates.io-index"
checksum = "e2abad23fbc42b3700f2f279844dc832adb2b2eb069b2df918f455c4e18cc646"

[[package]]
name = "lazycell"
version = "1.3.0"
source = "registry+https://github.com/rust-lang/crates.io-index"
checksum = "830d08ce1d1d941e6b30645f1a0eb5643013d835ce3779a5fc208261dbe10f55"

[[package]]
name = "libc"
version = "0.2.109"
source = "registry+https://github.com/rust-lang/crates.io-index"
checksum = "f98a04dce437184842841303488f70d0188c5f51437d2a834dc097eafa909a01"

[[package]]
name = "libloading"
version = "0.7.2"
source = "registry+https://github.com/rust-lang/crates.io-index"
checksum = "afe203d669ec979b7128619bae5a63b7b42e9203c1b29146079ee05e2f604b52"
dependencies = [
 "cfg-if 1.0.0",
 "winapi 0.3.9",
]

[[package]]
name = "linked-hash-map"
version = "0.5.4"
source = "registry+https://github.com/rust-lang/crates.io-index"
checksum = "7fb9b38af92608140b86b693604b9ffcc5824240a484d1ecd4795bacb2fe88f3"

[[package]]
name = "lock_api"
version = "0.4.5"
source = "registry+https://github.com/rust-lang/crates.io-index"
checksum = "712a4d093c9976e24e7dbca41db895dabcbac38eb5f4045393d17a95bdfb1109"
dependencies = [
 "scopeguard",
]

[[package]]
name = "log"
version = "0.4.14"
source = "registry+https://github.com/rust-lang/crates.io-index"
checksum = "51b9bbe6c47d51fc3e1a9b945965946b4c44142ab8792c50835a980d362c2710"
dependencies = [
 "cfg-if 1.0.0",
 "serde",
]

[[package]]
name = "malloc_buf"
version = "0.0.6"
source = "registry+https://github.com/rust-lang/crates.io-index"
checksum = "62bb907fe88d54d8d9ce32a3cceab4218ed2f6b7d35617cafe9adf84e43919cb"
dependencies = [
 "libc",
]

[[package]]
name = "memchr"
version = "2.4.1"
source = "registry+https://github.com/rust-lang/crates.io-index"
checksum = "308cc39be01b73d0d18f82a0e7b2a3df85245f84af96fdddc5d202d27e47b86a"

[[package]]
name = "memmap2"
version = "0.3.1"
source = "registry+https://github.com/rust-lang/crates.io-index"
checksum = "00b6c2ebff6180198788f5db08d7ce3bc1d0b617176678831a7510825973e357"
dependencies = [
 "libc",
]

[[package]]
name = "memoffset"
version = "0.6.5"
source = "registry+https://github.com/rust-lang/crates.io-index"
checksum = "5aa361d4faea93603064a027415f07bd8e1d5c88c9fbf68bf56a285428fd79ce"
dependencies = [
 "autocfg",
]

[[package]]
name = "miniz_oxide"
version = "0.3.7"
source = "registry+https://github.com/rust-lang/crates.io-index"
checksum = "791daaae1ed6889560f8c4359194f56648355540573244a5448a83ba1ecc7435"
dependencies = [
 "adler32",
]

[[package]]
name = "mio"
version = "0.6.23"
source = "registry+https://github.com/rust-lang/crates.io-index"
checksum = "4afd66f5b91bf2a3bc13fad0e21caedac168ca4c707504e75585648ae80e4cc4"
dependencies = [
 "cfg-if 0.1.10",
 "fuchsia-zircon",
 "fuchsia-zircon-sys",
 "iovec",
 "kernel32-sys",
 "libc",
 "log",
 "miow 0.2.2",
 "net2",
 "slab",
 "winapi 0.2.8",
]

[[package]]
name = "mio"
version = "0.8.0"
source = "registry+https://github.com/rust-lang/crates.io-index"
checksum = "ba272f85fa0b41fc91872be579b3bbe0f56b792aa361a380eb669469f68dafb2"
dependencies = [
 "libc",
 "log",
 "miow 0.3.7",
 "ntapi",
 "winapi 0.3.9",
]

[[package]]
name = "mio-anonymous-pipes"
version = "0.2.0"
source = "registry+https://github.com/rust-lang/crates.io-index"
checksum = "6bc513025fe5005a3aa561b50fdb2cda5a150b84800ae02acd8aa9ed62ca1a6b"
dependencies = [
 "mio 0.6.23",
 "miow 0.3.7",
 "parking_lot",
 "spsc-buffer",
 "winapi 0.3.9",
]

[[package]]
name = "mio-extras"
version = "2.0.6"
source = "registry+https://github.com/rust-lang/crates.io-index"
checksum = "52403fe290012ce777c4626790c8951324a2b9e3316b3143779c72b029742f19"
dependencies = [
 "lazycell",
 "log",
 "mio 0.6.23",
 "slab",
]

[[package]]
name = "mio-uds"
version = "0.6.8"
source = "registry+https://github.com/rust-lang/crates.io-index"
checksum = "afcb699eb26d4332647cc848492bbc15eafb26f08d0304550d5aa1f612e066f0"
dependencies = [
 "iovec",
 "libc",
 "mio 0.6.23",
]

[[package]]
name = "miow"
version = "0.2.2"
source = "registry+https://github.com/rust-lang/crates.io-index"
checksum = "ebd808424166322d4a38da87083bfddd3ac4c131334ed55856112eb06d46944d"
dependencies = [
 "kernel32-sys",
 "net2",
 "winapi 0.2.8",
 "ws2_32-sys",
]

[[package]]
name = "miow"
version = "0.3.7"
source = "registry+https://github.com/rust-lang/crates.io-index"
checksum = "b9f1c5b025cda876f66ef43a113f91ebc9f4ccef34843000e0adf6ebbab84e21"
dependencies = [
 "winapi 0.3.9",
]

[[package]]
name = "ndk"
version = "0.5.0"
source = "registry+https://github.com/rust-lang/crates.io-index"
checksum = "96d868f654c72e75f8687572699cdabe755f03effbb62542768e995d5b8d699d"
dependencies = [
 "bitflags",
 "jni-sys",
 "ndk-sys",
 "num_enum",
 "thiserror",
]

[[package]]
name = "ndk-glue"
version = "0.5.0"
source = "registry+https://github.com/rust-lang/crates.io-index"
checksum = "fc291b8de2095cba8dab7cf381bf582ff4c17a09acf854c32e46545b08085d28"
dependencies = [
 "lazy_static",
 "libc",
 "log",
 "ndk",
 "ndk-macro",
 "ndk-sys",
]

[[package]]
name = "ndk-macro"
version = "0.3.0"
source = "registry+https://github.com/rust-lang/crates.io-index"
checksum = "0df7ac00c4672f9d5aece54ee3347520b7e20f158656c7db2e6de01902eb7a6c"
dependencies = [
 "darling",
 "proc-macro-crate",
 "proc-macro2",
 "quote",
 "syn",
]

[[package]]
name = "ndk-sys"
version = "0.2.2"
source = "registry+https://github.com/rust-lang/crates.io-index"
checksum = "e1bcdd74c20ad5d95aacd60ef9ba40fdf77f767051040541df557b7a9b2a2121"

[[package]]
name = "net2"
version = "0.2.37"
source = "registry+https://github.com/rust-lang/crates.io-index"
checksum = "391630d12b68002ae1e25e8f974306474966550ad82dac6886fb8910c19568ae"
dependencies = [
 "cfg-if 0.1.10",
 "libc",
 "winapi 0.3.9",
]

[[package]]
name = "nix"
version = "0.22.2"
source = "registry+https://github.com/rust-lang/crates.io-index"
checksum = "d3bb9a13fa32bc5aeb64150cd3f32d6cf4c748f8f8a417cce5d2eb976a8370ba"
dependencies = [
 "bitflags",
 "cc",
 "cfg-if 1.0.0",
 "libc",
 "memoffset",
]

[[package]]
name = "nom"
version = "5.1.2"
source = "registry+https://github.com/rust-lang/crates.io-index"
checksum = "ffb4262d26ed83a1c0a33a38fe2bb15797329c85770da05e6b828ddb782627af"
dependencies = [
 "memchr",
 "version_check",
]

[[package]]
name = "notify"
version = "4.0.17"
source = "registry+https://github.com/rust-lang/crates.io-index"
checksum = "ae03c8c853dba7bfd23e571ff0cff7bc9dceb40a4cd684cd1681824183f45257"
dependencies = [
 "bitflags",
 "filetime",
 "fsevent",
 "fsevent-sys",
 "inotify",
 "libc",
 "mio 0.6.23",
 "mio-extras",
 "walkdir",
 "winapi 0.3.9",
]

[[package]]
name = "ntapi"
version = "0.3.6"
source = "registry+https://github.com/rust-lang/crates.io-index"
checksum = "3f6bb902e437b6d86e03cce10a7e2af662292c5dfef23b65899ea3ac9354ad44"
dependencies = [
 "winapi 0.3.9",
]

[[package]]
name = "num_enum"
version = "0.5.4"
source = "registry+https://github.com/rust-lang/crates.io-index"
checksum = "3f9bd055fb730c4f8f4f57d45d35cd6b3f0980535b056dc7ff119cee6a66ed6f"
dependencies = [
 "derivative",
 "num_enum_derive",
]

[[package]]
name = "num_enum_derive"
version = "0.5.4"
source = "registry+https://github.com/rust-lang/crates.io-index"
checksum = "486ea01961c4a818096de679a8b740b26d9033146ac5291b1c98557658f8cdd9"
dependencies = [
 "proc-macro-crate",
 "proc-macro2",
 "quote",
 "syn",
]

[[package]]
name = "objc"
version = "0.2.7"
source = "registry+https://github.com/rust-lang/crates.io-index"
checksum = "915b1b472bc21c53464d6c8461c9d3af805ba1ef837e1cac254428f4a77177b1"
dependencies = [
 "malloc_buf",
]

[[package]]
name = "objc-foundation"
version = "0.1.1"
source = "registry+https://github.com/rust-lang/crates.io-index"
checksum = "1add1b659e36c9607c7aab864a76c7a4c2760cd0cd2e120f3fb8b952c7e22bf9"
dependencies = [
 "block",
 "objc",
 "objc_id",
]

[[package]]
name = "objc_id"
version = "0.1.1"
source = "registry+https://github.com/rust-lang/crates.io-index"
checksum = "c92d4ddb4bd7b50d730c215ff871754d0da6b2178849f8a2a2ab69712d0c073b"
dependencies = [
 "objc",
]

[[package]]
name = "once_cell"
version = "1.8.0"
source = "registry+https://github.com/rust-lang/crates.io-index"
checksum = "692fcb63b64b1758029e0a96ee63e049ce8c5948587f2f7208df04625e5f6b56"

[[package]]
name = "osmesa-sys"
version = "0.1.2"
source = "registry+https://github.com/rust-lang/crates.io-index"
checksum = "88cfece6e95d2e717e0872a7f53a8684712ad13822a7979bc760b9c77ec0013b"
dependencies = [
 "shared_library",
]

[[package]]
name = "parking_lot"
version = "0.11.2"
source = "registry+https://github.com/rust-lang/crates.io-index"
checksum = "7d17b78036a60663b797adeaee46f5c9dfebb86948d1255007a1d6be0271ff99"
dependencies = [
 "instant",
 "lock_api",
 "parking_lot_core",
]

[[package]]
name = "parking_lot_core"
version = "0.8.5"
source = "registry+https://github.com/rust-lang/crates.io-index"
checksum = "d76e8e1493bcac0d2766c42737f34458f1c8c50c0d23bcb24ea953affb273216"
dependencies = [
 "cfg-if 1.0.0",
 "instant",
 "libc",
 "redox_syscall",
 "smallvec",
 "winapi 0.3.9",
]

[[package]]
name = "percent-encoding"
version = "2.1.0"
source = "registry+https://github.com/rust-lang/crates.io-index"
checksum = "d4fd5641d01c8f18a23da7b6fe29298ff4b55afcccdf78973b24cf3175fee32e"

[[package]]
name = "pkg-config"
version = "0.3.24"
source = "registry+https://github.com/rust-lang/crates.io-index"
checksum = "58893f751c9b0412871a09abd62ecd2a00298c6c83befa223ef98c52aef40cbe"

[[package]]
name = "png"
version = "0.16.8"
source = "registry+https://github.com/rust-lang/crates.io-index"
checksum = "3c3287920cb847dee3de33d301c463fba14dda99db24214ddf93f83d3021f4c6"
dependencies = [
 "bitflags",
 "crc32fast",
 "miniz_oxide",
]

[[package]]
name = "proc-macro-crate"
version = "1.1.0"
source = "registry+https://github.com/rust-lang/crates.io-index"
checksum = "1ebace6889caf889b4d3f76becee12e90353f2b8c7d875534a71e5742f8f6f83"
dependencies = [
 "thiserror",
 "toml",
]

[[package]]
name = "proc-macro-error"
version = "1.0.4"
source = "registry+https://github.com/rust-lang/crates.io-index"
checksum = "da25490ff9892aab3fcf7c36f08cfb902dd3e71ca0f9f9517bea02a73a5ce38c"
dependencies = [
 "proc-macro-error-attr",
 "proc-macro2",
 "quote",
 "syn",
 "version_check",
]

[[package]]
name = "proc-macro-error-attr"
version = "1.0.4"
source = "registry+https://github.com/rust-lang/crates.io-index"
checksum = "a1be40180e52ecc98ad80b184934baf3d0d29f979574e439af5a55274b35f869"
dependencies = [
 "proc-macro2",
 "quote",
 "version_check",
]

[[package]]
name = "proc-macro2"
version = "1.0.33"
source = "registry+https://github.com/rust-lang/crates.io-index"
checksum = "fb37d2df5df740e582f28f8560cf425f52bb267d872fe58358eadb554909f07a"
dependencies = [
 "unicode-xid",
]

[[package]]
name = "quote"
version = "1.0.10"
source = "registry+https://github.com/rust-lang/crates.io-index"
checksum = "38bc8cc6a5f2e3655e0899c1b848643b2562f853f114bfec7be120678e3ace05"
dependencies = [
 "proc-macro2",
]

[[package]]
name = "raw-window-handle"
version = "0.4.2"
source = "registry+https://github.com/rust-lang/crates.io-index"
checksum = "fba75eee94a9d5273a68c9e1e105d9cffe1ef700532325788389e5a83e2522b7"
dependencies = [
 "cty",
]

[[package]]
name = "redox_syscall"
version = "0.2.10"
source = "registry+https://github.com/rust-lang/crates.io-index"
checksum = "8383f39639269cde97d255a32bdb68c047337295414940c68bdd30c2e13203ff"
dependencies = [
 "bitflags",
]

[[package]]
name = "redox_users"
version = "0.4.0"
source = "registry+https://github.com/rust-lang/crates.io-index"
checksum = "528532f3d801c87aec9def2add9ca802fe569e44a544afe633765267840abe64"
dependencies = [
 "getrandom",
 "redox_syscall",
]

[[package]]
name = "regex-automata"
version = "0.1.10"
source = "registry+https://github.com/rust-lang/crates.io-index"
checksum = "6c230d73fb8d8c1b9c0b3135c5142a8acee3a0558fb8db5cf1cb65f8d7862132"
dependencies = [
 "regex-syntax",
]

[[package]]
name = "regex-syntax"
version = "0.6.25"
source = "registry+https://github.com/rust-lang/crates.io-index"
checksum = "f497285884f3fcff424ffc933e56d7cbca511def0c9831a7f9b5f6153e3cc89b"

[[package]]
name = "ryu"
version = "1.0.7"
source = "registry+https://github.com/rust-lang/crates.io-index"
checksum = "254df5081ce98661a883445175e52efe99d1cb2a5552891d965d2f5d0cad1c16"

[[package]]
name = "same-file"
version = "1.0.6"
source = "registry+https://github.com/rust-lang/crates.io-index"
checksum = "93fc1dc3aaa9bfed95e02e6eadabb4baf7e3078b0bd1b4d7b6b0b68378900502"
dependencies = [
 "winapi-util",
]

[[package]]
name = "scoped-tls"
version = "1.0.0"
source = "registry+https://github.com/rust-lang/crates.io-index"
checksum = "ea6a9290e3c9cf0f18145ef7ffa62d68ee0bf5fcd651017e586dc7fd5da448c2"

[[package]]
name = "scopeguard"
version = "1.1.0"
source = "registry+https://github.com/rust-lang/crates.io-index"
checksum = "d29ab0c6d3fc0ee92fe66e2d99f700eab17a8d57d1c1d3b748380fb20baa78cd"

[[package]]
name = "serde"
version = "1.0.131"
source = "registry+https://github.com/rust-lang/crates.io-index"
checksum = "b4ad69dfbd3e45369132cc64e6748c2d65cdfb001a2b1c232d128b4ad60561c1"
dependencies = [
 "serde_derive",
]

[[package]]
name = "serde_derive"
version = "1.0.131"
source = "registry+https://github.com/rust-lang/crates.io-index"
checksum = "b710a83c4e0dff6a3d511946b95274ad9ca9e5d3ae497b63fda866ac955358d2"
dependencies = [
 "proc-macro2",
 "quote",
 "syn",
]

[[package]]
name = "serde_json"
version = "1.0.72"
source = "registry+https://github.com/rust-lang/crates.io-index"
checksum = "d0ffa0837f2dfa6fb90868c2b5468cad482e175f7dad97e7421951e663f2b527"
dependencies = [
 "itoa",
 "ryu",
 "serde",
]

[[package]]
name = "serde_yaml"
version = "0.8.18"
source = "registry+https://github.com/rust-lang/crates.io-index"
checksum = "039ba818c784248423789eec090aab9fb566c7b94d6ebbfa1814a9fd52c8afb2"
dependencies = [
 "dtoa",
 "linked-hash-map",
 "serde",
 "yaml-rust",
]

[[package]]
name = "servo-fontconfig"
version = "0.5.1"
source = "registry+https://github.com/rust-lang/crates.io-index"
checksum = "c7e3e22fe5fd73d04ebf0daa049d3efe3eae55369ce38ab16d07ddd9ac5c217c"
dependencies = [
 "libc",
 "servo-fontconfig-sys",
]

[[package]]
name = "servo-fontconfig-sys"
version = "5.1.0"
source = "registry+https://github.com/rust-lang/crates.io-index"
checksum = "e36b879db9892dfa40f95da1c38a835d41634b825fbd8c4c418093d53c24b388"
dependencies = [
 "expat-sys",
 "freetype-sys",
 "pkg-config",
]

[[package]]
name = "shared_library"
version = "0.1.9"
source = "registry+https://github.com/rust-lang/crates.io-index"
checksum = "5a9e7e0f2bfae24d8a5b5a66c5b257a83c7412304311512a0c054cd5e619da11"
dependencies = [
 "lazy_static",
 "libc",
]

[[package]]
name = "signal-hook"
version = "0.3.12"
source = "registry+https://github.com/rust-lang/crates.io-index"
checksum = "c35dfd12afb7828318348b8c408383cf5071a086c1d4ab1c0f9840ec92dbb922"
dependencies = [
 "libc",
 "signal-hook-registry",
]

[[package]]
name = "signal-hook-mio"
version = "0.2.1"
source = "registry+https://github.com/rust-lang/crates.io-index"
checksum = "29fd5867f1c4f2c5be079aee7a2adf1152ebb04a4bc4d341f504b7dece607ed4"
dependencies = [
 "libc",
 "mio 0.6.23",
 "mio-uds",
 "signal-hook",
]

[[package]]
name = "signal-hook-registry"
version = "1.4.0"
source = "registry+https://github.com/rust-lang/crates.io-index"
checksum = "e51e73328dc4ac0c7ccbda3a494dfa03df1de2f46018127f60c693f2648455b0"
dependencies = [
 "libc",
]

[[package]]
name = "slab"
version = "0.4.5"
source = "registry+https://github.com/rust-lang/crates.io-index"
checksum = "9def91fd1e018fe007022791f865d0ccc9b3a0d5001e01aabb8b40e46000afb5"

[[package]]
name = "smallvec"
version = "1.7.0"
source = "registry+https://github.com/rust-lang/crates.io-index"
checksum = "1ecab6c735a6bb4139c0caafd0cc3635748bbb3acf4550e8138122099251f309"

[[package]]
name = "smithay-client-toolkit"
version = "0.15.2"
source = "registry+https://github.com/rust-lang/crates.io-index"
checksum = "210cf40de565aaaa085face1d860b17f6aee9f76f9d2816307ea2cc45eeb64f3"
dependencies = [
 "bitflags",
 "calloop",
 "dlib",
 "lazy_static",
 "log",
 "memmap2",
 "nix",
 "pkg-config",
 "wayland-client",
 "wayland-cursor",
 "wayland-protocols",
]

[[package]]
name = "smithay-clipboard"
version = "0.6.5"
source = "registry+https://github.com/rust-lang/crates.io-index"
checksum = "610b551bd25378bfd2b8e7a0fcbd83d427e8f2f6a40c47ae0f70688e9949dd55"
dependencies = [
 "smithay-client-toolkit",
 "wayland-client",
]

[[package]]
name = "spsc-buffer"
version = "0.1.1"
source = "registry+https://github.com/rust-lang/crates.io-index"
checksum = "be6c3f39c37a4283ee4b43d1311c828f2e1fb0541e76ea0cb1a2abd9ef2f5b3b"

[[package]]
name = "strsim"
version = "0.8.0"
source = "registry+https://github.com/rust-lang/crates.io-index"
checksum = "8ea5119cdb4c55b55d432abb513a0429384878c15dde60cc77b1c99de1a95a6a"

[[package]]
name = "strsim"
version = "0.10.0"
source = "registry+https://github.com/rust-lang/crates.io-index"
checksum = "73473c0e59e6d5812c5dfe2a064a6444949f089e20eec9a2e5506596494e4623"

[[package]]
name = "structopt"
version = "0.3.25"
source = "registry+https://github.com/rust-lang/crates.io-index"
checksum = "40b9788f4202aa75c240ecc9c15c65185e6a39ccdeb0fd5d008b98825464c87c"
dependencies = [
 "clap",
 "lazy_static",
 "structopt-derive",
]

[[package]]
name = "structopt-derive"
version = "0.4.18"
source = "registry+https://github.com/rust-lang/crates.io-index"
checksum = "dcb5ae327f9cc13b68763b5749770cb9e048a99bd9dfdfa58d0cf05d5f64afe0"
dependencies = [
 "heck",
 "proc-macro-error",
 "proc-macro2",
 "quote",
 "syn",
]

[[package]]
name = "syn"
version = "1.0.82"
source = "registry+https://github.com/rust-lang/crates.io-index"
checksum = "8daf5dd0bb60cbd4137b1b587d2fc0ae729bc07cf01cd70b36a1ed5ade3b9d59"
dependencies = [
 "proc-macro2",
 "quote",
 "unicode-xid",
]

[[package]]
name = "textwrap"
version = "0.11.0"
source = "registry+https://github.com/rust-lang/crates.io-index"
checksum = "d326610f408c7a4eb6f51c37c330e496b08506c9457c9d34287ecc38809fb060"
dependencies = [
 "unicode-width",
]

[[package]]
name = "thiserror"
version = "1.0.30"
source = "registry+https://github.com/rust-lang/crates.io-index"
checksum = "854babe52e4df1653706b98fcfc05843010039b406875930a70e4d9644e5c417"
dependencies = [
 "thiserror-impl",
]

[[package]]
name = "thiserror-impl"
version = "1.0.30"
source = "registry+https://github.com/rust-lang/crates.io-index"
checksum = "aa32fd3f627f367fe16f893e2597ae3c05020f8bba2666a4e6ea73d377e5714b"
dependencies = [
 "proc-macro2",
 "quote",
 "syn",
]

[[package]]
name = "time"
version = "0.1.43"
source = "registry+https://github.com/rust-lang/crates.io-index"
checksum = "ca8a50ef2360fbd1eeb0ecd46795a87a19024eb4b53c5dc916ca1fd95fe62438"
dependencies = [
 "libc",
 "winapi 0.3.9",
]

[[package]]
name = "toml"
version = "0.5.8"
source = "registry+https://github.com/rust-lang/crates.io-index"
checksum = "a31142970826733df8241ef35dc040ef98c679ab14d7c3e54d827099b3acecaa"
dependencies = [
 "serde",
]

[[package]]
name = "unicode-segmentation"
version = "1.8.0"
source = "registry+https://github.com/rust-lang/crates.io-index"
checksum = "8895849a949e7845e06bd6dc1aa51731a103c42707010a5b591c0038fb73385b"

[[package]]
name = "unicode-width"
version = "0.1.9"
source = "registry+https://github.com/rust-lang/crates.io-index"
checksum = "3ed742d4ea2bd1176e236172c8429aaf54486e7ac098db29ffe6529e0ce50973"

[[package]]
name = "unicode-xid"
version = "0.2.2"
source = "registry+https://github.com/rust-lang/crates.io-index"
checksum = "8ccb82d61f80a663efe1f787a51b16b5a51e3314d6ac365b08639f52387b33f3"

[[package]]
name = "utf8parse"
version = "0.2.0"
source = "registry+https://github.com/rust-lang/crates.io-index"
checksum = "936e4b492acfd135421d8dca4b1aa80a7bfc26e702ef3af710e0752684df5372"

[[package]]
name = "vec_map"
version = "0.8.2"
source = "registry+https://github.com/rust-lang/crates.io-index"
checksum = "f1bddf1187be692e79c5ffeab891132dfb0f236ed36a43c7ed39f1165ee20191"

[[package]]
name = "version_check"
version = "0.9.3"
source = "registry+https://github.com/rust-lang/crates.io-index"
checksum = "5fecdca9a5291cc2b8dcf7dc02453fee791a280f3743cb0905f8822ae463b3fe"

[[package]]
name = "vswhom"
version = "0.1.0"
source = "registry+https://github.com/rust-lang/crates.io-index"
checksum = "be979b7f07507105799e854203b470ff7c78a1639e330a58f183b5fea574608b"
dependencies = [
 "libc",
 "vswhom-sys",
]

[[package]]
name = "vswhom-sys"
version = "0.1.0"
source = "registry+https://github.com/rust-lang/crates.io-index"
checksum = "fc2f5402d3d0e79a069714f7b48e3ecc60be7775a2c049cb839457457a239532"
dependencies = [
 "cc",
 "libc",
]

[[package]]
name = "vte"
version = "0.10.1"
source = "registry+https://github.com/rust-lang/crates.io-index"
checksum = "6cbce692ab4ca2f1f3047fcf732430249c0e971bfdd2b234cf2c47ad93af5983"
dependencies = [
 "utf8parse",
 "vte_generate_state_changes",
]

[[package]]
name = "vte_generate_state_changes"
version = "0.1.1"
source = "registry+https://github.com/rust-lang/crates.io-index"
checksum = "d257817081c7dffcdbab24b9e62d2def62e2ff7d00b1c20062551e6cccc145ff"
dependencies = [
 "proc-macro2",
 "quote",
]

[[package]]
name = "walkdir"
version = "2.3.2"
source = "registry+https://github.com/rust-lang/crates.io-index"
checksum = "808cf2735cd4b6866113f648b791c6adc5714537bc222d9347bb203386ffda56"
dependencies = [
 "same-file",
 "winapi 0.3.9",
 "winapi-util",
]

[[package]]
name = "wasi"
version = "0.10.2+wasi-snapshot-preview1"
source = "registry+https://github.com/rust-lang/crates.io-index"
checksum = "fd6fbd9a79829dd1ad0cc20627bf1ed606756a7f77edff7b66b7064f9cb327c6"

[[package]]
name = "wasm-bindgen"
version = "0.2.78"
source = "registry+https://github.com/rust-lang/crates.io-index"
checksum = "632f73e236b219150ea279196e54e610f5dbafa5d61786303d4da54f84e47fce"
dependencies = [
 "cfg-if 1.0.0",
 "wasm-bindgen-macro",
]

[[package]]
name = "wasm-bindgen-backend"
version = "0.2.78"
source = "registry+https://github.com/rust-lang/crates.io-index"
checksum = "a317bf8f9fba2476b4b2c85ef4c4af8ff39c3c7f0cdfeed4f82c34a880aa837b"
dependencies = [
 "bumpalo",
 "lazy_static",
 "log",
 "proc-macro2",
 "quote",
 "syn",
 "wasm-bindgen-shared",
]

[[package]]
name = "wasm-bindgen-macro"
version = "0.2.78"
source = "registry+https://github.com/rust-lang/crates.io-index"
checksum = "d56146e7c495528bf6587663bea13a8eb588d39b36b679d83972e1a2dbbdacf9"
dependencies = [
 "quote",
 "wasm-bindgen-macro-support",
]

[[package]]
name = "wasm-bindgen-macro-support"
version = "0.2.78"
source = "registry+https://github.com/rust-lang/crates.io-index"
checksum = "7803e0eea25835f8abdc585cd3021b3deb11543c6fe226dcd30b228857c5c5ab"
dependencies = [
 "proc-macro2",
 "quote",
 "syn",
 "wasm-bindgen-backend",
 "wasm-bindgen-shared",
]

[[package]]
name = "wasm-bindgen-shared"
version = "0.2.78"
source = "registry+https://github.com/rust-lang/crates.io-index"
checksum = "0237232789cf037d5480773fe568aac745bfe2afbc11a863e97901780a6b47cc"

[[package]]
name = "wayland-client"
version = "0.29.1"
source = "registry+https://github.com/rust-lang/crates.io-index"
checksum = "9108ec1c37f4774d0c2937ba1a6c23d1786b2152c4a13bd9fdb20e42d16e8841"
dependencies = [
 "bitflags",
 "downcast-rs",
 "libc",
 "nix",
 "scoped-tls",
 "wayland-commons",
 "wayland-scanner",
 "wayland-sys",
]

[[package]]
name = "wayland-commons"
version = "0.29.1"
source = "registry+https://github.com/rust-lang/crates.io-index"
checksum = "265ef51b3b3e5c9ef098f10425c39624663f459c3821dcaacc4748be975f1beb"
dependencies = [
 "nix",
 "once_cell",
 "smallvec",
 "wayland-sys",
]

[[package]]
name = "wayland-cursor"
version = "0.29.1"
source = "registry+https://github.com/rust-lang/crates.io-index"
checksum = "6c19bb6628daf4097e58b7911481e8371e13318d5a60894779901bd3267407a7"
dependencies = [
 "nix",
 "wayland-client",
 "xcursor",
]

[[package]]
name = "wayland-egl"
version = "0.29.1"
source = "registry+https://github.com/rust-lang/crates.io-index"
checksum = "accf27d1e5e1f64ba30b683fd926c2c916cc1014bea3376fb258e80abf622e40"
dependencies = [
 "wayland-client",
 "wayland-sys",
]

[[package]]
name = "wayland-protocols"
version = "0.29.1"
source = "registry+https://github.com/rust-lang/crates.io-index"
checksum = "7b3b6f1dc0193072ef4eadcb144da30d58c1f2895516c063804d213310703c8e"
dependencies = [
 "bitflags",
 "wayland-client",
 "wayland-commons",
 "wayland-scanner",
]

[[package]]
name = "wayland-scanner"
version = "0.29.1"
source = "registry+https://github.com/rust-lang/crates.io-index"
checksum = "eaaf2bc85e7b9143159af96bd23d954a5abe391c4376db712320643280fdc6f4"
dependencies = [
 "proc-macro2",
 "quote",
 "xml-rs",
]

[[package]]
name = "wayland-sys"
version = "0.29.1"
source = "registry+https://github.com/rust-lang/crates.io-index"
checksum = "ba9e06acb775b3007f8d3094438306979e572d1d3b844d7a71557a84b055d959"
dependencies = [
 "dlib",
 "lazy_static",
 "pkg-config",
]

[[package]]
name = "web-sys"
version = "0.3.55"
source = "registry+https://github.com/rust-lang/crates.io-index"
checksum = "38eb105f1c59d9eaa6b5cdc92b859d85b926e82cb2e0945cd0c9259faa6fe9fb"
dependencies = [
 "js-sys",
 "wasm-bindgen",
]

[[package]]
name = "winapi"
version = "0.2.8"
source = "registry+https://github.com/rust-lang/crates.io-index"
checksum = "167dc9d6949a9b857f3451275e911c3f44255842c1f7a76f33c55103a909087a"

[[package]]
name = "winapi"
version = "0.3.9"
source = "registry+https://github.com/rust-lang/crates.io-index"
checksum = "5c839a674fcd7a98952e593242ea400abe93992746761e38641405d28b00f419"
dependencies = [
 "winapi-i686-pc-windows-gnu",
 "winapi-x86_64-pc-windows-gnu",
]

[[package]]
name = "winapi-build"
version = "0.1.1"
source = "registry+https://github.com/rust-lang/crates.io-index"
checksum = "2d315eee3b34aca4797b2da6b13ed88266e6d612562a0c46390af8299fc699bc"

[[package]]
name = "winapi-i686-pc-windows-gnu"
version = "0.4.0"
source = "registry+https://github.com/rust-lang/crates.io-index"
checksum = "ac3b87c63620426dd9b991e5ce0329eff545bccbbb34f3be09ff6fb6ab51b7b6"

[[package]]
name = "winapi-util"
version = "0.1.5"
source = "registry+https://github.com/rust-lang/crates.io-index"
checksum = "70ec6ce85bb158151cae5e5c87f95a8e97d2c0c4b001223f33a334e3ce5de178"
dependencies = [
 "winapi 0.3.9",
]

[[package]]
name = "winapi-x86_64-pc-windows-gnu"
version = "0.4.0"
source = "registry+https://github.com/rust-lang/crates.io-index"
checksum = "712e227841d057c1ee1cd2fb22fa7e5a5461ae8e48fa2ca79ec42cfc1931183f"

[[package]]
name = "winit"
version = "0.26.0"
source = "registry+https://github.com/rust-lang/crates.io-index"
checksum = "70466a5f4825cc88c92963591b06dbc255420bffe19d847bfcda475e82d079c0"
dependencies = [
 "bitflags",
 "block",
 "cocoa",
 "core-foundation 0.9.2",
 "core-graphics 0.22.3",
 "core-video-sys",
 "dispatch",
 "instant",
 "lazy_static",
 "libc",
 "log",
 "mio 0.8.0",
 "ndk",
 "ndk-glue",
 "ndk-sys",
 "objc",
 "parking_lot",
 "percent-encoding",
 "raw-window-handle",
 "serde",
 "smithay-client-toolkit",
 "wasm-bindgen",
 "wayland-client",
 "wayland-protocols",
 "web-sys",
 "winapi 0.3.9",
 "x11-dl",
]

[[package]]
name = "winreg"
version = "0.10.1"
source = "registry+https://github.com/rust-lang/crates.io-index"
checksum = "80d0f4e272c85def139476380b12f9ac60926689dd2e01d4923222f40580869d"
dependencies = [
 "winapi 0.3.9",
]

[[package]]
name = "wio"
version = "0.2.2"
source = "registry+https://github.com/rust-lang/crates.io-index"
checksum = "5d129932f4644ac2396cb456385cbf9e63b5b30c6e8dc4820bdca4eb082037a5"
dependencies = [
 "winapi 0.3.9",
]

[[package]]
name = "ws2_32-sys"
version = "0.2.1"
source = "registry+https://github.com/rust-lang/crates.io-index"
checksum = "d59cefebd0c892fa2dd6de581e937301d8552cb44489cdff035c6187cb63fa5e"
dependencies = [
 "winapi 0.2.8",
 "winapi-build",
]

[[package]]
name = "x11-clipboard"
version = "0.5.2"
source = "registry+https://github.com/rust-lang/crates.io-index"
checksum = "b397ace6e980510de59a4fe3d4c758dffab231d6d747ce9fa1aba6b6035d5f32"
dependencies = [
 "xcb",
]

[[package]]
name = "x11-dl"
version = "2.19.1"
source = "registry+https://github.com/rust-lang/crates.io-index"
checksum = "ea26926b4ce81a6f5d9d0f3a0bc401e5a37c6ae14a1bfaa8ff6099ca80038c59"
dependencies = [
 "lazy_static",
 "libc",
 "pkg-config",
]

[[package]]
name = "xcb"
version = "0.9.0"
source = "registry+https://github.com/rust-lang/crates.io-index"
checksum = "62056f63138b39116f82a540c983cc11f1c90cd70b3d492a70c25eaa50bd22a6"
dependencies = [
 "libc",
 "log",
]

[[package]]
name = "xcursor"
version = "0.3.1"
source = "registry+https://github.com/rust-lang/crates.io-index"
checksum = "56edec90b342d0f46d1189f3fd4a3374954636f3d76c861855b675efc7ef1435"
dependencies = [
 "nom",
]

[[package]]
name = "xdg"
version = "2.4.0"
source = "registry+https://github.com/rust-lang/crates.io-index"
checksum = "3a23fe958c70412687039c86f578938b4a0bb50ec788e96bce4d6ab00ddd5803"
dependencies = [
 "dirs",
]

[[package]]
name = "xml-rs"
version = "0.8.4"
source = "registry+https://github.com/rust-lang/crates.io-index"
checksum = "d2d7d3948613f75c98fd9328cfdcc45acc4d360655289d0a7d4ec931392200a3"

[[package]]
name = "yaml-rust"
version = "0.4.5"
source = "registry+https://github.com/rust-lang/crates.io-index"
checksum = "56c1936c4cc7a1c9ab21a1ebb602eb942ba868cbd44a99cb7cdc5892335e1c85"
dependencies = [
 "linked-hash-map",
]
