[root]
name = "font"
version = "0.1.0"
dependencies = [
 "core-foundation 0.2.2 (registry+https://github.com/rust-lang/crates.io-index)",
 "core-foundation-sys 0.2.2 (registry+https://github.com/rust-lang/crates.io-index)",
 "core-graphics 0.3.2 (registry+https://github.com/rust-lang/crates.io-index)",
 "core-text 1.1.1 (registry+https://github.com/rust-lang/crates.io-index)",
 "euclid 0.6.8 (registry+https://github.com/rust-lang/crates.io-index)",
 "ffi-util 0.1.0",
 "freetype-rs 0.9.0 (registry+https://github.com/rust-lang/crates.io-index)",
 "libc 0.2.11 (registry+https://github.com/rust-lang/crates.io-index)",
 "log 0.3.6 (registry+https://github.com/rust-lang/crates.io-index)",
 "servo-fontconfig 0.2.0 (git+https://github.com/jwilm/rust-fontconfig)",
]

[[package]]
name = "bitflags"
version = "0.6.0"
source = "registry+https://github.com/rust-lang/crates.io-index"

[[package]]
name = "core-foundation"
version = "0.2.2"
source = "registry+https://github.com/rust-lang/crates.io-index"
dependencies = [
 "core-foundation-sys 0.2.2 (registry+https://github.com/rust-lang/crates.io-index)",
 "libc 0.2.11 (registry+https://github.com/rust-lang/crates.io-index)",
]

[[package]]
name = "core-foundation-sys"
version = "0.2.2"
source = "registry+https://github.com/rust-lang/crates.io-index"
dependencies = [
 "libc 0.2.11 (registry+https://github.com/rust-lang/crates.io-index)",
]

[[package]]
name = "core-graphics"
version = "0.3.2"
source = "registry+https://github.com/rust-lang/crates.io-index"
dependencies = [
 "core-foundation 0.2.2 (registry+https://github.com/rust-lang/crates.io-index)",
 "libc 0.2.11 (registry+https://github.com/rust-lang/crates.io-index)",
 "serde 0.7.9 (registry+https://github.com/rust-lang/crates.io-index)",
]

[[package]]
name = "core-text"
version = "1.1.1"
source = "registry+https://github.com/rust-lang/crates.io-index"
dependencies = [
 "core-foundation 0.2.2 (registry+https://github.com/rust-lang/crates.io-index)",
 "core-graphics 0.3.2 (registry+https://github.com/rust-lang/crates.io-index)",
 "libc 0.2.11 (registry+https://github.com/rust-lang/crates.io-index)",
]

[[package]]
name = "euclid"
version = "0.6.8"
source = "registry+https://github.com/rust-lang/crates.io-index"
dependencies = [
 "heapsize 0.3.6 (registry+https://github.com/rust-lang/crates.io-index)",
 "log 0.3.6 (registry+https://github.com/rust-lang/crates.io-index)",
 "num-traits 0.1.32 (registry+https://github.com/rust-lang/crates.io-index)",
 "rustc-serialize 0.3.19 (registry+https://github.com/rust-lang/crates.io-index)",
 "serde 0.7.9 (registry+https://github.com/rust-lang/crates.io-index)",
]

[[package]]
name = "expat-sys"
version = "2.1.2"
source = "registry+https://github.com/rust-lang/crates.io-index"
dependencies = [
 "make-cmd 0.1.0 (registry+https://github.com/rust-lang/crates.io-index)",
 "pkg-config 0.3.8 (registry+https://github.com/rust-lang/crates.io-index)",
]

[[package]]
name = "ffi-util"
version = "0.1.0"

[[package]]
name = "freetype-rs"
version = "0.9.0"
source = "registry+https://github.com/rust-lang/crates.io-index"
dependencies = [
 "bitflags 0.6.0 (registry+https://github.com/rust-lang/crates.io-index)",
 "freetype-sys 0.4.0 (registry+https://github.com/rust-lang/crates.io-index)",
 "libc 0.2.11 (registry+https://github.com/rust-lang/crates.io-index)",
]

[[package]]
name = "freetype-sys"
version = "0.4.0"
source = "registry+https://github.com/rust-lang/crates.io-index"
dependencies = [
 "libc 0.2.11 (registry+https://github.com/rust-lang/crates.io-index)",
 "libz-sys 1.0.4 (registry+https://github.com/rust-lang/crates.io-index)",
 "pkg-config 0.3.8 (registry+https://github.com/rust-lang/crates.io-index)",
]

[[package]]
name = "gcc"
version = "0.3.28"
source = "registry+https://github.com/rust-lang/crates.io-index"

[[package]]
name = "heapsize"
version = "0.3.6"
source = "registry+https://github.com/rust-lang/crates.io-index"
dependencies = [
 "kernel32-sys 0.2.2 (registry+https://github.com/rust-lang/crates.io-index)",
]

[[package]]
name = "kernel32-sys"
version = "0.2.2"
source = "registry+https://github.com/rust-lang/crates.io-index"
dependencies = [
 "winapi 0.2.7 (registry+https://github.com/rust-lang/crates.io-index)",
 "winapi-build 0.1.1 (registry+https://github.com/rust-lang/crates.io-index)",
]

[[package]]
name = "libc"
version = "0.2.11"
source = "registry+https://github.com/rust-lang/crates.io-index"

[[package]]
name = "libz-sys"
version = "1.0.4"
source = "registry+https://github.com/rust-lang/crates.io-index"
dependencies = [
 "gcc 0.3.28 (registry+https://github.com/rust-lang/crates.io-index)",
 "libc 0.2.11 (registry+https://github.com/rust-lang/crates.io-index)",
 "pkg-config 0.3.8 (registry+https://github.com/rust-lang/crates.io-index)",
]

[[package]]
name = "log"
version = "0.3.6"
source = "registry+https://github.com/rust-lang/crates.io-index"

[[package]]
name = "make-cmd"
version = "0.1.0"
source = "registry+https://github.com/rust-lang/crates.io-index"

[[package]]
name = "num-traits"
version = "0.1.32"
source = "registry+https://github.com/rust-lang/crates.io-index"

[[package]]
name = "pkg-config"
version = "0.3.8"
source = "registry+https://github.com/rust-lang/crates.io-index"

[[package]]
name = "rustc-serialize"
version = "0.3.19"
source = "registry+https://github.com/rust-lang/crates.io-index"

[[package]]
name = "serde"
version = "0.7.9"
source = "registry+https://github.com/rust-lang/crates.io-index"

[[package]]
name = "servo-fontconfig"
version = "0.2.0"
source = "git+https://github.com/jwilm/rust-fontconfig#419135e5e1106ec0973dd4923bd9c70d8e438cc8"
dependencies = [
 "libc 0.2.11 (registry+https://github.com/rust-lang/crates.io-index)",
 "servo-fontconfig-sys 2.11.3 (git+https://github.com/jwilm/libfontconfig)",
]

[[package]]
name = "servo-fontconfig-sys"
version = "2.11.3"
source = "git+https://github.com/jwilm/libfontconfig#618a52973d46e5cce4f054f6ee3bd2682167eee4"
dependencies = [
 "expat-sys 2.1.2 (registry+https://github.com/rust-lang/crates.io-index)",
 "freetype-sys 0.4.0 (registry+https://github.com/rust-lang/crates.io-index)",
 "pkg-config 0.3.8 (registry+https://github.com/rust-lang/crates.io-index)",
]

[[package]]
name = "winapi"
version = "0.2.7"
source = "registry+https://github.com/rust-lang/crates.io-index"

[[package]]
name = "winapi-build"
version = "0.1.1"
source = "registry+https://github.com/rust-lang/crates.io-index"

[metadata]
"checksum bitflags 0.6.0 (registry+https://github.com/rust-lang/crates.io-index)" = "72cd7314bd4ee024071241147222c706e80385a1605ac7d4cd2fcc339da2ae46"
"checksum core-foundation 0.2.2 (registry+https://github.com/rust-lang/crates.io-index)" = "20a6d0448d3a99d977ae4a2aa5a98d886a923e863e81ad9ff814645b6feb3bbd"
"checksum core-foundation-sys 0.2.2 (registry+https://github.com/rust-lang/crates.io-index)" = "05eed248dc504a5391c63794fe4fb64f46f071280afaa1b73308f3c0ce4574c5"
"checksum core-graphics 0.3.2 (registry+https://github.com/rust-lang/crates.io-index)" = "0c56c6022ba22aedbaa7d231be545778becbe1c7aceda4c82ba2f2084dd4c723"
"checksum core-text 1.1.1 (registry+https://github.com/rust-lang/crates.io-index)" = "94d4f3fab9e0242a648728764ac50e322b61eeb28c2d26d483721fe392cb2878"
"checksum euclid 0.6.8 (registry+https://github.com/rust-lang/crates.io-index)" = "c7b555729225fcc2aabc1ac951f9346967b35c901f4f03a480c31b6a45824109"
"checksum expat-sys 2.1.2 (registry+https://github.com/rust-lang/crates.io-index)" = "4ccf6f838594c1571f176f0afdbeb9cfa9f83b478f269d3f0390939b1df4323e"
"checksum freetype-rs 0.9.0 (registry+https://github.com/rust-lang/crates.io-index)" = "1e8c93a141b156862ab58d0206fa44a9b20d899c86c3e6260017ab748029aa42"
"checksum freetype-sys 0.4.0 (registry+https://github.com/rust-lang/crates.io-index)" = "eccfb6d96cac99921f0c2142a91765f6c219868a2c45bdfe7d65a08775f18127"
"checksum gcc 0.3.28 (registry+https://github.com/rust-lang/crates.io-index)" = "3da3a2cbaeb01363c8e3704fd9fd0eb2ceb17c6f27abd4c1ef040fb57d20dc79"
"checksum heapsize 0.3.6 (registry+https://github.com/rust-lang/crates.io-index)" = "abb306abb8d398e053cfb1b3e7b72c2f580be048b85745c52652954f8ad1439c"
"checksum kernel32-sys 0.2.2 (registry+https://github.com/rust-lang/crates.io-index)" = "7507624b29483431c0ba2d82aece8ca6cdba9382bff4ddd0f7490560c056098d"
"checksum libc 0.2.11 (registry+https://github.com/rust-lang/crates.io-index)" = "c96061f0c8a2dc27482e394d82e23073569de41d73cd736672ccd3e5c7471bfd"
"checksum libz-sys 1.0.4 (registry+https://github.com/rust-lang/crates.io-index)" = "c9795a8a0498b3abab873f8f063816fcc2e002388e89df87da065628dd5a8ed2"
"checksum log 0.3.6 (registry+https://github.com/rust-lang/crates.io-index)" = "ab83497bf8bf4ed2a74259c1c802351fcd67a65baa86394b6ba73c36f4838054"
"checksum make-cmd 0.1.0 (registry+https://github.com/rust-lang/crates.io-index)" = "a8ca8afbe8af1785e09636acb5a41e08a765f5f0340568716c18a8700ba3c0d3"
"checksum num-traits 0.1.32 (registry+https://github.com/rust-lang/crates.io-index)" = "51eab148f171aefad295f8cece636fc488b9b392ef544da31ea4b8ef6b9e9c39"
"checksum pkg-config 0.3.8 (registry+https://github.com/rust-lang/crates.io-index)" = "8cee804ecc7eaf201a4a207241472cc870e825206f6c031e3ee2a72fa425f2fa"
"checksum rustc-serialize 0.3.19 (registry+https://github.com/rust-lang/crates.io-index)" = "6159e4e6e559c81bd706afe9c8fd68f547d3e851ce12e76b1de7914bab61691b"
"checksum serde 0.7.9 (registry+https://github.com/rust-lang/crates.io-index)" = "b76133a8a02f1c6ebd3fb9a2ecaab3d54302565a51320e80931adba571aadb1b"
"checksum servo-fontconfig 0.2.0 (git+https://github.com/jwilm/rust-fontconfig)" = "<none>"
"checksum servo-fontconfig-sys 2.11.3 (git+https://github.com/jwilm/libfontconfig)" = "<none>"
"checksum winapi 0.2.7 (registry+https://github.com/rust-lang/crates.io-index)" = "3969e500d618a5e974917ddefd0ba152e4bcaae5eb5d9b8c1fbc008e9e28c24e"
"checksum winapi-build 0.1.1 (registry+https://github.com/rust-lang/crates.io-index)" = "2d315eee3b34aca4797b2da6b13ed88266e6d612562a0c46390af8299fc699bc"
